
Microsoft Visual Studio Solution File, Format Version 12.00
# Visual Studio Version 17
VisualStudioVersion = 17.3.32825.248
MinimumVisualStudioVersion = 10.0.40219.1
Project("{FAE04EC0-301F-11D3-BF4B-00C04F79EFBC}") = "FigureAreaCalculationApp", "FigureAreaCalculationApp\FigureAreaCalculationApp.csproj", "{D831961C-34BD-4835-AFCF-B6BA15844C55}"
EndProject
Project("{FAE04EC0-301F-11D3-BF4B-00C04F79EFBC}") = "FigureAreaCalculationLibrary", "FigureAreaCalculationLibrary\FigureAreaCalculationLibrary.csproj", "{D5D179C2-1E54-42CD-8D52-7AFC508DAF88}"
EndProject
Project("{FAE04EC0-301F-11D3-BF4B-00C04F79EFBC}") = "FigureAreaCalculationLibrary.Tests", "FigureAreaCalculationLibrary.Tests\FigureAreaCalculationLibrary.Tests.csproj", "{E290739C-EB2B-4AFB-9704-51EA37801229}"
EndProject
Global
	GlobalSection(SolutionConfigurationPlatforms) = preSolution
		Debug|Any CPU = Debug|Any CPU
		Release|Any CPU = Release|Any CPU
	EndGlobalSection
	GlobalSection(ProjectConfigurationPlatforms) = postSolution
		{D831961C-34BD-4835-AFCF-B6BA15844C55}.Debug|Any CPU.ActiveCfg = Debug|Any CPU
		{D831961C-34BD-4835-AFCF-B6BA15844C55}.Debug|Any CPU.Build.0 = Debug|Any CPU
		{D831961C-34BD-4835-AFCF-B6BA15844C55}.Release|Any CPU.ActiveCfg = Release|Any CPU
		{D831961C-34BD-4835-AFCF-B6BA15844C55}.Release|Any CPU.Build.0 = Release|Any CPU
		{D5D179C2-1E54-42CD-8D52-7AFC508DAF88}.Debug|Any CPU.ActiveCfg = Debug|Any CPU
		{D5D179C2-1E54-42CD-8D52-7AFC508DAF88}.Debug|Any CPU.Build.0 = Debug|Any CPU
		{D5D179C2-1E54-42CD-8D52-7AFC508DAF88}.Release|Any CPU.ActiveCfg = Release|Any CPU
		{D5D179C2-1E54-42CD-8D52-7AFC508DAF88}.Release|Any CPU.Build.0 = Release|Any CPU
		{E290739C-EB2B-4AFB-9704-51EA37801229}.Debug|Any CPU.ActiveCfg = Debug|Any CPU
		{E290739C-EB2B-4AFB-9704-51EA37801229}.Debug|Any CPU.Build.0 = Debug|Any CPU
		{E290739C-EB2B-4AFB-9704-51EA37801229}.Release|Any CPU.ActiveCfg = Release|Any CPU
		{E290739C-EB2B-4AFB-9704-51EA37801229}.Release|Any CPU.Build.0 = Release|Any CPU
	EndGlobalSection
	GlobalSection(SolutionProperties) = preSolution
		HideSolutionNode = FALSE
	EndGlobalSection
	GlobalSection(ExtensibilityGlobals) = postSolution
		SolutionGuid = {223B8021-CB58-4951-8783-D754A2E99917}
	EndGlobalSection
EndGlobal
